{
  "name": "opencv",
  "version": "1.0.0",
  "lockfileVersion": 2,
  "requires": true,
  "packages": {
    "": {
      "name": "opencv",
      "version": "1.0.0",
      "license": "ISC",
      "dependencies": {
        "opencv": "github:MarkDeLaFleur/opencv-js"
      }
    },
    "node_modules/opencv": {
      "version": "1.0.0",
      "resolved": "git+ssh://git@github.com/MarkDeLaFleur/opencv-js.git#7d1a08b433a5774fc83866e2fe74943438eb397a",
      "license": "ISC"
    }
  },
  "dependencies": {
    "opencv": {
      "version": "git+ssh://git@github.com/MarkDeLaFleur/opencv-js.git#7d1a08b433a5774fc83866e2fe74943438eb397a",
      "from": "opencv@https://github.com/MarkDeLaFleur/opencv-js.git"
    }
  }
}
